
Microsoft Visual Studio Solution File, Format Version 12.00
# Visual Studio Version 17
VisualStudioVersion = 17.7.34031.279
MinimumVisualStudioVersion = 10.0.40219.1
Project("{9A19103F-16F7-4668-BE54-9A1E7A4F7556}") = "attempt-2", "attempt-2.csproj", "{B53AEB5C-5AD6-4387-A5D6-7165176C5E9C}"
EndProject
Global
	GlobalSection(SolutionConfigurationPlatforms) = preSolution
		Debug|Any CPU = Debug|Any CPU
		Release|Any CPU = Release|Any CPU
	EndGlobalSection
	GlobalSection(ProjectConfigurationPlatforms) = postSolution
		{B53AEB5C-5AD6-4387-A5D6-7165176C5E9C}.Debug|Any CPU.ActiveCfg = Debug|Any CPU
		{B53AEB5C-5AD6-4387-A5D6-7165176C5E9C}.Debug|Any CPU.Build.0 = Debug|Any CPU
		{B53AEB5C-5AD6-4387-A5D6-7165176C5E9C}.Release|Any CPU.ActiveCfg = Release|Any CPU
		{B53AEB5C-5AD6-4387-A5D6-7165176C5E9C}.Release|Any CPU.Build.0 = Release|Any CPU
	EndGlobalSection
	GlobalSection(SolutionProperties) = preSolution
		HideSolutionNode = FALSE
	EndGlobalSection
	GlobalSection(ExtensibilityGlobals) = postSolution
		SolutionGuid = {C1CCC530-82E0-4DE3-B2B3-86CFD2FFFF7C}
	EndGlobalSection
EndGlobal
